
Microsoft Visual Studio Solution File, Format Version 11.00
# Visual Studio 2010
Project("{8BC9CEB8-8B4A-11D0-8D11-00A0C91BC942}") = "D3DContent", "D3DContent\D3DContent.vcxproj", "{A694BA22-F7FF-4159-AE95-C53679445C67}"
EndProject
Project("{FAE04EC0-301F-11D3-BF4B-00C04F79EFBC}") = "D3DHost", "D3DHost\D3DHost.csproj", "{C17389A4-0FD5-445F-BD01-1263F8CA180A}"
	ProjectSection(ProjectDependencies) = postProject
		{A694BA22-F7FF-4159-AE95-C53679445C67} = {A694BA22-F7FF-4159-AE95-C53679445C67}
	EndProjectSection
EndProject
Project("{8BC9CEB8-8B4A-11D0-8D11-00A0C91BC942}") = "HEngine", "HEngine\HEngine.vcxproj", "{3DA849A9-E07F-CB9E-AA1F-F798AD13BB61}"
EndProject
Project("{FAE04EC0-301F-11D3-BF4B-00C04F79EFBC}") = "TestWinForm", "TestWinForm\TestWinForm.csproj", "{C0533095-859B-4401-AAAE-751368668F78}"
EndProject
Project("{8BC9CEB8-8B4A-11D0-8D11-00A0C91BC942}") = "ManagedHEngine", "ManagedHEngine\ManagedHEngine.vcxproj", "{5D718DDA-D40C-4F71-BA5F-01D9EB3CCFD2}"
EndProject
Project("{FAE04EC0-301F-11D3-BF4B-00C04F79EFBC}") = "HControl", "HControl\HControl.csproj", "{3F22A380-38FF-4124-9557-10A940317FEF}"
EndProject
Project("{2150E333-8FDC-42A3-9474-1A3956D46DE8}") = "Tool", "Tool", "{C52FB9B1-082D-4B7B-A100-F867376D09E9}"
EndProject
Project("{2150E333-8FDC-42A3-9474-1A3956D46DE8}") = "Facade", "Facade", "{C8C30B7C-9F59-466E-A1BD-7364BFF3D340}"
EndProject
Project("{2150E333-8FDC-42A3-9474-1A3956D46DE8}") = "Library", "Library", "{F45872AE-CE3C-415B-B453-E091B721B3BA}"
EndProject
Project("{2150E333-8FDC-42A3-9474-1A3956D46DE8}") = "Setup", "Setup", "{CCE49432-EA0B-4261-A816-F821518BAB1C}"
EndProject
Project("{8BC9CEB8-8B4A-11D0-8D11-00A0C91BC942}") = "TerrainToolSetup", "TerrainToolSetup\TerrainToolSetup.vcxproj", "{0292ED7E-0B42-4F14-B566-5E20EB146337}"
EndProject
Global
	GlobalSection(SolutionConfigurationPlatforms) = preSolution
		Debug_PS3Host|Any CPU = Debug_PS3Host|Any CPU
		Debug_PS3Host|Mixed Platforms = Debug_PS3Host|Mixed Platforms
		Debug_PS3Host|PS3 = Debug_PS3Host|PS3
		Debug_PS3Host|Win32 = Debug_PS3Host|Win32
		Debug_PS3Host|x64 = Debug_PS3Host|x64
		Debug_PS3Host|x86 = Debug_PS3Host|x86
		Debug|Any CPU = Debug|Any CPU
		Debug|Mixed Platforms = Debug|Mixed Platforms
		Debug|PS3 = Debug|PS3
		Debug|Win32 = Debug|Win32
		Debug|x64 = Debug|x64
		Debug|x86 = Debug|x86
		NULL|Any CPU = NULL|Any CPU
		NULL|Mixed Platforms = NULL|Mixed Platforms
		NULL|PS3 = NULL|PS3
		NULL|Win32 = NULL|Win32
		NULL|x64 = NULL|x64
		NULL|x86 = NULL|x86
		Profile|Any CPU = Profile|Any CPU
		Profile|Mixed Platforms = Profile|Mixed Platforms
		Profile|PS3 = Profile|PS3
		Profile|Win32 = Profile|Win32
		Profile|x64 = Profile|x64
		Profile|x86 = Profile|x86
		Release_PS3Host|Any CPU = Release_PS3Host|Any CPU
		Release_PS3Host|Mixed Platforms = Release_PS3Host|Mixed Platforms
		Release_PS3Host|PS3 = Release_PS3Host|PS3
		Release_PS3Host|Win32 = Release_PS3Host|Win32
		Release_PS3Host|x64 = Release_PS3Host|x64
		Release_PS3Host|x86 = Release_PS3Host|x86
		Release|Any CPU = Release|Any CPU
		Release|Mixed Platforms = Release|Mixed Platforms
		Release|PS3 = Release|PS3
		Release|Win32 = Release|Win32
		Release|x64 = Release|x64
		Release|x86 = Release|x86
	EndGlobalSection
	GlobalSection(ProjectConfigurationPlatforms) = postSolution
		{A694BA22-F7FF-4159-AE95-C53679445C67}.Debug_PS3Host|Any CPU.ActiveCfg = Debug|Win32
		{A694BA22-F7FF-4159-AE95-C53679445C67}.Debug_PS3Host|Mixed Platforms.ActiveCfg = Debug|Win32
		{A694BA22-F7FF-4159-AE95-C53679445C67}.Debug_PS3Host|Mixed Platforms.Build.0 = Debug|Win32
		{A694BA22-F7FF-4159-AE95-C53679445C67}.Debug_PS3Host|PS3.ActiveCfg = Debug|Win32
		{A694BA22-F7FF-4159-AE95-C53679445C67}.Debug_PS3Host|Win32.ActiveCfg = Debug|Win32
		{A694BA22-F7FF-4159-AE95-C53679445C67}.Debug_PS3Host|Win32.Build.0 = Debug|Win32
		{A694BA22-F7FF-4159-AE95-C53679445C67}.Debug_PS3Host|x64.ActiveCfg = Debug|Win32
		{A694BA22-F7FF-4159-AE95-C53679445C67}.Debug_PS3Host|x86.ActiveCfg = Debug|Win32
		{A694BA22-F7FF-4159-AE95-C53679445C67}.Debug|Any CPU.ActiveCfg = Debug|Win32
		{A694BA22-F7FF-4159-AE95-C53679445C67}.Debug|Mixed Platforms.ActiveCfg = Debug|Win32
		{A694BA22-F7FF-4159-AE95-C53679445C67}.Debug|Mixed Platforms.Build.0 = Debug|Win32
		{A694BA22-F7FF-4159-AE95-C53679445C67}.Debug|PS3.ActiveCfg = Debug|Win32
		{A694BA22-F7FF-4159-AE95-C53679445C67}.Debug|Win32.ActiveCfg = Debug|Win32
		{A694BA22-F7FF-4159-AE95-C53679445C67}.Debug|Win32.Build.0 = Debug|Win32
		{A694BA22-F7FF-4159-AE95-C53679445C67}.Debug|x64.ActiveCfg = Debug|Win32
		{A694BA22-F7FF-4159-AE95-C53679445C67}.Debug|x86.ActiveCfg = Debug|Win32
		{A694BA22-F7FF-4159-AE95-C53679445C67}.NULL|Any CPU.ActiveCfg = Release|Win32
		{A694BA22-F7FF-4159-AE95-C53679445C67}.NULL|Mixed Platforms.ActiveCfg = Release|Win32
		{A694BA22-F7FF-4159-AE95-C53679445C67}.NULL|Mixed Platforms.Build.0 = Release|Win32
		{A694BA22-F7FF-4159-AE95-C53679445C67}.NULL|PS3.ActiveCfg = Release|Win32
		{A694BA22-F7FF-4159-AE95-C53679445C67}.NULL|Win32.ActiveCfg = Release|Win32
		{A694BA22-F7FF-4159-AE95-C53679445C67}.NULL|Win32.Build.0 = Release|Win32
		{A694BA22-F7FF-4159-AE95-C53679445C67}.NULL|x64.ActiveCfg = Release|Win32
		{A694BA22-F7FF-4159-AE95-C53679445C67}.NULL|x86.ActiveCfg = Release|Win32
		{A694BA22-F7FF-4159-AE95-C53679445C67}.Profile|Any CPU.ActiveCfg = Release|Win32
		{A694BA22-F7FF-4159-AE95-C53679445C67}.Profile|Mixed Platforms.ActiveCfg = Release|Win32
		{A694BA22-F7FF-4159-AE95-C53679445C67}.Profile|Mixed Platforms.Build.0 = Release|Win32
		{A694BA22-F7FF-4159-AE95-C53679445C67}.Profile|PS3.ActiveCfg = Release|Win32
		{A694BA22-F7FF-4159-AE95-C53679445C67}.Profile|Win32.ActiveCfg = Release|Win32
		{A694BA22-F7FF-4159-AE95-C53679445C67}.Profile|Win32.Build.0 = Release|Win32
		{A694BA22-F7FF-4159-AE95-C53679445C67}.Profile|x64.ActiveCfg = Release|Win32
		{A694BA22-F7FF-4159-AE95-C53679445C67}.Profile|x86.ActiveCfg = Release|Win32
		{A694BA22-F7FF-4159-AE95-C53679445C67}.Release_PS3Host|Any CPU.ActiveCfg = Release|Win32
		{A694BA22-F7FF-4159-AE95-C53679445C67}.Release_PS3Host|Mixed Platforms.ActiveCfg = Release|Win32
		{A694BA22-F7FF-4159-AE95-C53679445C67}.Release_PS3Host|Mixed Platforms.Build.0 = Release|Win32
		{A694BA22-F7FF-4159-AE95-C53679445C67}.Release_PS3Host|PS3.ActiveCfg = Release|Win32
		{A694BA22-F7FF-4159-AE95-C53679445C67}.Release_PS3Host|Win32.ActiveCfg = Release|Win32
		{A694BA22-F7FF-4159-AE95-C53679445C67}.Release_PS3Host|Win32.Build.0 = Release|Win32
		{A694BA22-F7FF-4159-AE95-C53679445C67}.Release_PS3Host|x64.ActiveCfg = Release|Win32
		{A694BA22-F7FF-4159-AE95-C53679445C67}.Release_PS3Host|x86.ActiveCfg = Release|Win32
		{A694BA22-F7FF-4159-AE95-C53679445C67}.Release|Any CPU.ActiveCfg = Release|Win32
		{A694BA22-F7FF-4159-AE95-C53679445C67}.Release|Mixed Platforms.ActiveCfg = Release|Win32
		{A694BA22-F7FF-4159-AE95-C53679445C67}.Release|Mixed Platforms.Build.0 = Release|Win32
		{A694BA22-F7FF-4159-AE95-C53679445C67}.Release|PS3.ActiveCfg = Release|Win32
		{A694BA22-F7FF-4159-AE95-C53679445C67}.Release|Win32.ActiveCfg = Release|Win32
		{A694BA22-F7FF-4159-AE95-C53679445C67}.Release|Win32.Build.0 = Release|Win32
		{A694BA22-F7FF-4159-AE95-C53679445C67}.Release|x64.ActiveCfg = Release|Win32
		{A694BA22-F7FF-4159-AE95-C53679445C67}.Release|x86.ActiveCfg = Release|Win32
		{C17389A4-0FD5-445F-BD01-1263F8CA180A}.Debug_PS3Host|Any CPU.ActiveCfg = Debug|x86
		{C17389A4-0FD5-445F-BD01-1263F8CA180A}.Debug_PS3Host|Mixed Platforms.ActiveCfg = Debug|x86
		{C17389A4-0FD5-445F-BD01-1263F8CA180A}.Debug_PS3Host|Mixed Platforms.Build.0 = Debug|x86
		{C17389A4-0FD5-445F-BD01-1263F8CA180A}.Debug_PS3Host|PS3.ActiveCfg = Debug|x86
		{C17389A4-0FD5-445F-BD01-1263F8CA180A}.Debug_PS3Host|Win32.ActiveCfg = Debug|x86
		{C17389A4-0FD5-445F-BD01-1263F8CA180A}.Debug_PS3Host|x64.ActiveCfg = Debug|x86
		{C17389A4-0FD5-445F-BD01-1263F8CA180A}.Debug_PS3Host|x86.ActiveCfg = Debug|x86
		{C17389A4-0FD5-445F-BD01-1263F8CA180A}.Debug_PS3Host|x86.Build.0 = Debug|x86
		{C17389A4-0FD5-445F-BD01-1263F8CA180A}.Debug|Any CPU.ActiveCfg = Debug|x86
		{C17389A4-0FD5-445F-BD01-1263F8CA180A}.Debug|Mixed Platforms.ActiveCfg = Debug|x86
		{C17389A4-0FD5-445F-BD01-1263F8CA180A}.Debug|Mixed Platforms.Build.0 = Debug|x86
		{C17389A4-0FD5-445F-BD01-1263F8CA180A}.Debug|PS3.ActiveCfg = Debug|x86
		{C17389A4-0FD5-445F-BD01-1263F8CA180A}.Debug|Win32.ActiveCfg = Debug|x86
		{C17389A4-0FD5-445F-BD01-1263F8CA180A}.Debug|x64.ActiveCfg = Debug|x86
		{C17389A4-0FD5-445F-BD01-1263F8CA180A}.Debug|x86.ActiveCfg = Debug|x86
		{C17389A4-0FD5-445F-BD01-1263F8CA180A}.Debug|x86.Build.0 = Debug|x86
		{C17389A4-0FD5-445F-BD01-1263F8CA180A}.NULL|Any CPU.ActiveCfg = Release|x86
		{C17389A4-0FD5-445F-BD01-1263F8CA180A}.NULL|Mixed Platforms.ActiveCfg = Release|x86
		{C17389A4-0FD5-445F-BD01-1263F8CA180A}.NULL|Mixed Platforms.Build.0 = Release|x86
		{C17389A4-0FD5-445F-BD01-1263F8CA180A}.NULL|PS3.ActiveCfg = Release|x86
		{C17389A4-0FD5-445F-BD01-1263F8CA180A}.NULL|Win32.ActiveCfg = Release|x86
		{C17389A4-0FD5-445F-BD01-1263F8CA180A}.NULL|x64.ActiveCfg = Release|x86
		{C17389A4-0FD5-445F-BD01-1263F8CA180A}.NULL|x86.ActiveCfg = Release|x86
		{C17389A4-0FD5-445F-BD01-1263F8CA180A}.NULL|x86.Build.0 = Release|x86
		{C17389A4-0FD5-445F-BD01-1263F8CA180A}.Profile|Any CPU.ActiveCfg = Release|x86
		{C17389A4-0FD5-445F-BD01-1263F8CA180A}.Profile|Mixed Platforms.ActiveCfg = Release|x86
		{C17389A4-0FD5-445F-BD01-1263F8CA180A}.Profile|Mixed Platforms.Build.0 = Release|x86
		{C17389A4-0FD5-445F-BD01-1263F8CA180A}.Profile|PS3.ActiveCfg = Release|x86
		{C17389A4-0FD5-445F-BD01-1263F8CA180A}.Profile|Win32.ActiveCfg = Release|x86
		{C17389A4-0FD5-445F-BD01-1263F8CA180A}.Profile|x64.ActiveCfg = Release|x86
		{C17389A4-0FD5-445F-BD01-1263F8CA180A}.Profile|x86.ActiveCfg = Release|x86
		{C17389A4-0FD5-445F-BD01-1263F8CA180A}.Profile|x86.Build.0 = Release|x86
		{C17389A4-0FD5-445F-BD01-1263F8CA180A}.Release_PS3Host|Any CPU.ActiveCfg = Release|x86
		{C17389A4-0FD5-445F-BD01-1263F8CA180A}.Release_PS3Host|Mixed Platforms.ActiveCfg = Release|x86
		{C17389A4-0FD5-445F-BD01-1263F8CA180A}.Release_PS3Host|Mixed Platforms.Build.0 = Release|x86
		{C17389A4-0FD5-445F-BD01-1263F8CA180A}.Release_PS3Host|PS3.ActiveCfg = Release|x86
		{C17389A4-0FD5-445F-BD01-1263F8CA180A}.Release_PS3Host|Win32.ActiveCfg = Release|x86
		{C17389A4-0FD5-445F-BD01-1263F8CA180A}.Release_PS3Host|x64.ActiveCfg = Release|x86
		{C17389A4-0FD5-445F-BD01-1263F8CA180A}.Release_PS3Host|x86.ActiveCfg = Release|x86
		{C17389A4-0FD5-445F-BD01-1263F8CA180A}.Release_PS3Host|x86.Build.0 = Release|x86
		{C17389A4-0FD5-445F-BD01-1263F8CA180A}.Release|Any CPU.ActiveCfg = Release|x86
		{C17389A4-0FD5-445F-BD01-1263F8CA180A}.Release|Mixed Platforms.ActiveCfg = Release|x86
		{C17389A4-0FD5-445F-BD01-1263F8CA180A}.Release|Mixed Platforms.Build.0 = Release|x86
		{C17389A4-0FD5-445F-BD01-1263F8CA180A}.Release|PS3.ActiveCfg = Release|x86
		{C17389A4-0FD5-445F-BD01-1263F8CA180A}.Release|Win32.ActiveCfg = Release|x86
		{C17389A4-0FD5-445F-BD01-1263F8CA180A}.Release|x64.ActiveCfg = Release|x86
		{C17389A4-0FD5-445F-BD01-1263F8CA180A}.Release|x86.ActiveCfg = Release|x86
		{C17389A4-0FD5-445F-BD01-1263F8CA180A}.Release|x86.Build.0 = Release|x86
		{3DA849A9-E07F-CB9E-AA1F-F798AD13BB61}.Debug_PS3Host|Any CPU.ActiveCfg = Debug|Win32
		{3DA849A9-E07F-CB9E-AA1F-F798AD13BB61}.Debug_PS3Host|Mixed Platforms.ActiveCfg = Debug|Win32
		{3DA849A9-E07F-CB9E-AA1F-F798AD13BB61}.Debug_PS3Host|Mixed Platforms.Build.0 = Debug|Win32
		{3DA849A9-E07F-CB9E-AA1F-F798AD13BB61}.Debug_PS3Host|PS3.ActiveCfg = Debug|Win32
		{3DA849A9-E07F-CB9E-AA1F-F798AD13BB61}.Debug_PS3Host|Win32.ActiveCfg = Debug|Win32
		{3DA849A9-E07F-CB9E-AA1F-F798AD13BB61}.Debug_PS3Host|Win32.Build.0 = Debug|Win32
		{3DA849A9-E07F-CB9E-AA1F-F798AD13BB61}.Debug_PS3Host|x64.ActiveCfg = Debug|Win32
		{3DA849A9-E07F-CB9E-AA1F-F798AD13BB61}.Debug_PS3Host|x86.ActiveCfg = Debug|Win32
		{3DA849A9-E07F-CB9E-AA1F-F798AD13BB61}.Debug|Any CPU.ActiveCfg = Debug|Win32
		{3DA849A9-E07F-CB9E-AA1F-F798AD13BB61}.Debug|Mixed Platforms.ActiveCfg = Debug|Win32
		{3DA849A9-E07F-CB9E-AA1F-F798AD13BB61}.Debug|Mixed Platforms.Build.0 = Debug|Win32
		{3DA849A9-E07F-CB9E-AA1F-F798AD13BB61}.Debug|PS3.ActiveCfg = Debug|Win32
		{3DA849A9-E07F-CB9E-AA1F-F798AD13BB61}.Debug|Win32.ActiveCfg = Debug|Win32
		{3DA849A9-E07F-CB9E-AA1F-F798AD13BB61}.Debug|Win32.Build.0 = Debug|Win32
		{3DA849A9-E07F-CB9E-AA1F-F798AD13BB61}.Debug|x64.ActiveCfg = Debug|Win32
		{3DA849A9-E07F-CB9E-AA1F-F798AD13BB61}.Debug|x86.ActiveCfg = Debug|Win32
		{3DA849A9-E07F-CB9E-AA1F-F798AD13BB61}.NULL|Any CPU.ActiveCfg = Release|Win32
		{3DA849A9-E07F-CB9E-AA1F-F798AD13BB61}.NULL|Mixed Platforms.ActiveCfg = Release|Win32
		{3DA849A9-E07F-CB9E-AA1F-F798AD13BB61}.NULL|Mixed Platforms.Build.0 = Release|Win32
		{3DA849A9-E07F-CB9E-AA1F-F798AD13BB61}.NULL|PS3.ActiveCfg = Release|Win32
		{3DA849A9-E07F-CB9E-AA1F-F798AD13BB61}.NULL|Win32.ActiveCfg = Release|Win32
		{3DA849A9-E07F-CB9E-AA1F-F798AD13BB61}.NULL|Win32.Build.0 = Release|Win32
		{3DA849A9-E07F-CB9E-AA1F-F798AD13BB61}.NULL|x64.ActiveCfg = Release|Win32
		{3DA849A9-E07F-CB9E-AA1F-F798AD13BB61}.NULL|x86.ActiveCfg = Release|Win32
		{3DA849A9-E07F-CB9E-AA1F-F798AD13BB61}.Profile|Any CPU.ActiveCfg = Release|Win32
		{3DA849A9-E07F-CB9E-AA1F-F798AD13BB61}.Profile|Mixed Platforms.ActiveCfg = Release|Win32
		{3DA849A9-E07F-CB9E-AA1F-F798AD13BB61}.Profile|Mixed Platforms.Build.0 = Release|Win32
		{3DA849A9-E07F-CB9E-AA1F-F798AD13BB61}.Profile|PS3.ActiveCfg = Release|Win32
		{3DA849A9-E07F-CB9E-AA1F-F798AD13BB61}.Profile|Win32.ActiveCfg = Release|Win32
		{3DA849A9-E07F-CB9E-AA1F-F798AD13BB61}.Profile|Win32.Build.0 = Release|Win32
		{3DA849A9-E07F-CB9E-AA1F-F798AD13BB61}.Profile|x64.ActiveCfg = Release|Win32
		{3DA849A9-E07F-CB9E-AA1F-F798AD13BB61}.Profile|x86.ActiveCfg = Release|Win32
		{3DA849A9-E07F-CB9E-AA1F-F798AD13BB61}.Release_PS3Host|Any CPU.ActiveCfg = Release|Win32
		{3DA849A9-E07F-CB9E-AA1F-F798AD13BB61}.Release_PS3Host|Mixed Platforms.ActiveCfg = Release|Win32
		{3DA849A9-E07F-CB9E-AA1F-F798AD13BB61}.Release_PS3Host|Mixed Platforms.Build.0 = Release|Win32
		{3DA849A9-E07F-CB9E-AA1F-F798AD13BB61}.Release_PS3Host|PS3.ActiveCfg = Release|Win32
		{3DA849A9-E07F-CB9E-AA1F-F798AD13BB61}.Release_PS3Host|Win32.ActiveCfg = Release|Win32
		{3DA849A9-E07F-CB9E-AA1F-F798AD13BB61}.Release_PS3Host|Win32.Build.0 = Release|Win32
		{3DA849A9-E07F-CB9E-AA1F-F798AD13BB61}.Release_PS3Host|x64.ActiveCfg = Release|Win32
		{3DA849A9-E07F-CB9E-AA1F-F798AD13BB61}.Release_PS3Host|x86.ActiveCfg = Release|Win32
		{3DA849A9-E07F-CB9E-AA1F-F798AD13BB61}.Release|Any CPU.ActiveCfg = Release|Win32
		{3DA849A9-E07F-CB9E-AA1F-F798AD13BB61}.Release|Mixed Platforms.ActiveCfg = Release|Win32
		{3DA849A9-E07F-CB9E-AA1F-F798AD13BB61}.Release|Mixed Platforms.Build.0 = Release|Win32
		{3DA849A9-E07F-CB9E-AA1F-F798AD13BB61}.Release|PS3.ActiveCfg = Release|Win32
		{3DA849A9-E07F-CB9E-AA1F-F798AD13BB61}.Release|Win32.ActiveCfg = Release|Win32
		{3DA849A9-E07F-CB9E-AA1F-F798AD13BB61}.Release|Win32.Build.0 = Release|Win32
		{3DA849A9-E07F-CB9E-AA1F-F798AD13BB61}.Release|x64.ActiveCfg = Release|Win32
		{3DA849A9-E07F-CB9E-AA1F-F798AD13BB61}.Release|x86.ActiveCfg = Release|Win32
		{C0533095-859B-4401-AAAE-751368668F78}.Debug_PS3Host|Any CPU.ActiveCfg = Debug|x86
		{C0533095-859B-4401-AAAE-751368668F78}.Debug_PS3Host|Mixed Platforms.ActiveCfg = Debug|x86
		{C0533095-859B-4401-AAAE-751368668F78}.Debug_PS3Host|Mixed Platforms.Build.0 = Debug|x86
		{C0533095-859B-4401-AAAE-751368668F78}.Debug_PS3Host|PS3.ActiveCfg = Debug|x86
		{C0533095-859B-4401-AAAE-751368668F78}.Debug_PS3Host|Win32.ActiveCfg = Debug|x86
		{C0533095-859B-4401-AAAE-751368668F78}.Debug_PS3Host|x64.ActiveCfg = Debug|x86
		{C0533095-859B-4401-AAAE-751368668F78}.Debug_PS3Host|x86.ActiveCfg = Debug|x86
		{C0533095-859B-4401-AAAE-751368668F78}.Debug_PS3Host|x86.Build.0 = Debug|x86
		{C0533095-859B-4401-AAAE-751368668F78}.Debug|Any CPU.ActiveCfg = Debug|x86
		{C0533095-859B-4401-AAAE-751368668F78}.Debug|Mixed Platforms.ActiveCfg = Debug|x86
		{C0533095-859B-4401-AAAE-751368668F78}.Debug|Mixed Platforms.Build.0 = Debug|x86
		{C0533095-859B-4401-AAAE-751368668F78}.Debug|PS3.ActiveCfg = Debug|x86
		{C0533095-859B-4401-AAAE-751368668F78}.Debug|Win32.ActiveCfg = Debug|x86
		{C0533095-859B-4401-AAAE-751368668F78}.Debug|x64.ActiveCfg = Debug|x86
		{C0533095-859B-4401-AAAE-751368668F78}.Debug|x86.ActiveCfg = Debug|x86
		{C0533095-859B-4401-AAAE-751368668F78}.Debug|x86.Build.0 = Debug|x86
		{C0533095-859B-4401-AAAE-751368668F78}.NULL|Any CPU.ActiveCfg = Release|x86
		{C0533095-859B-4401-AAAE-751368668F78}.NULL|Mixed Platforms.ActiveCfg = Release|x86
		{C0533095-859B-4401-AAAE-751368668F78}.NULL|Mixed Platforms.Build.0 = Release|x86
		{C0533095-859B-4401-AAAE-751368668F78}.NULL|PS3.ActiveCfg = Release|x86
		{C0533095-859B-4401-AAAE-751368668F78}.NULL|Win32.ActiveCfg = Release|x86
		{C0533095-859B-4401-AAAE-751368668F78}.NULL|x64.ActiveCfg = Release|x86
		{C0533095-859B-4401-AAAE-751368668F78}.NULL|x86.ActiveCfg = Release|x86
		{C0533095-859B-4401-AAAE-751368668F78}.NULL|x86.Build.0 = Release|x86
		{C0533095-859B-4401-AAAE-751368668F78}.Profile|Any CPU.ActiveCfg = Release|x86
		{C0533095-859B-4401-AAAE-751368668F78}.Profile|Mixed Platforms.ActiveCfg = Release|x86
		{C0533095-859B-4401-AAAE-751368668F78}.Profile|Mixed Platforms.Build.0 = Release|x86
		{C0533095-859B-4401-AAAE-751368668F78}.Profile|PS3.ActiveCfg = Release|x86
		{C0533095-859B-4401-AAAE-751368668F78}.Profile|Win32.ActiveCfg = Release|x86
		{C0533095-859B-4401-AAAE-751368668F78}.Profile|x64.ActiveCfg = Release|x86
		{C0533095-859B-4401-AAAE-751368668F78}.Profile|x86.ActiveCfg = Release|x86
		{C0533095-859B-4401-AAAE-751368668F78}.Profile|x86.Build.0 = Release|x86
		{C0533095-859B-4401-AAAE-751368668F78}.Release_PS3Host|Any CPU.ActiveCfg = Release|x86
		{C0533095-859B-4401-AAAE-751368668F78}.Release_PS3Host|Mixed Platforms.ActiveCfg = Release|x86
		{C0533095-859B-4401-AAAE-751368668F78}.Release_PS3Host|Mixed Platforms.Build.0 = Release|x86
		{C0533095-859B-4401-AAAE-751368668F78}.Release_PS3Host|PS3.ActiveCfg = Release|x86
		{C0533095-859B-4401-AAAE-751368668F78}.Release_PS3Host|Win32.ActiveCfg = Release|x86
		{C0533095-859B-4401-AAAE-751368668F78}.Release_PS3Host|x64.ActiveCfg = Release|x86
		{C0533095-859B-4401-AAAE-751368668F78}.Release_PS3Host|x86.ActiveCfg = Release|x86
		{C0533095-859B-4401-AAAE-751368668F78}.Release_PS3Host|x86.Build.0 = Release|x86
		{C0533095-859B-4401-AAAE-751368668F78}.Release|Any CPU.ActiveCfg = Release|x86
		{C0533095-859B-4401-AAAE-751368668F78}.Release|Mixed Platforms.ActiveCfg = Release|x86
		{C0533095-859B-4401-AAAE-751368668F78}.Release|Mixed Platforms.Build.0 = Release|x86
		{C0533095-859B-4401-AAAE-751368668F78}.Release|PS3.ActiveCfg = Release|x86
		{C0533095-859B-4401-AAAE-751368668F78}.Release|Win32.ActiveCfg = Release|x86
		{C0533095-859B-4401-AAAE-751368668F78}.Release|x64.ActiveCfg = Release|x86
		{C0533095-859B-4401-AAAE-751368668F78}.Release|x86.ActiveCfg = Release|x86
		{C0533095-859B-4401-AAAE-751368668F78}.Release|x86.Build.0 = Release|x86
		{5D718DDA-D40C-4F71-BA5F-01D9EB3CCFD2}.Debug_PS3Host|Any CPU.ActiveCfg = Debug|Win32
		{5D718DDA-D40C-4F71-BA5F-01D9EB3CCFD2}.Debug_PS3Host|Mixed Platforms.ActiveCfg = Debug|Win32
		{5D718DDA-D40C-4F71-BA5F-01D9EB3CCFD2}.Debug_PS3Host|Mixed Platforms.Build.0 = Debug|Win32
		{5D718DDA-D40C-4F71-BA5F-01D9EB3CCFD2}.Debug_PS3Host|PS3.ActiveCfg = Debug|Win32
		{5D718DDA-D40C-4F71-BA5F-01D9EB3CCFD2}.Debug_PS3Host|Win32.ActiveCfg = Debug|Win32
		{5D718DDA-D40C-4F71-BA5F-01D9EB3CCFD2}.Debug_PS3Host|Win32.Build.0 = Debug|Win32
		{5D718DDA-D40C-4F71-BA5F-01D9EB3CCFD2}.Debug_PS3Host|x64.ActiveCfg = Debug|Win32
		{5D718DDA-D40C-4F71-BA5F-01D9EB3CCFD2}.Debug_PS3Host|x86.ActiveCfg = Debug|Win32
		{5D718DDA-D40C-4F71-BA5F-01D9EB3CCFD2}.Debug|Any CPU.ActiveCfg = Debug|Win32
		{5D718DDA-D40C-4F71-BA5F-01D9EB3CCFD2}.Debug|Mixed Platforms.ActiveCfg = Debug|Win32
		{5D718DDA-D40C-4F71-BA5F-01D9EB3CCFD2}.Debug|Mixed Platforms.Build.0 = Debug|Win32
		{5D718DDA-D40C-4F71-BA5F-01D9EB3CCFD2}.Debug|PS3.ActiveCfg = Debug|Win32
		{5D718DDA-D40C-4F71-BA5F-01D9EB3CCFD2}.Debug|Win32.ActiveCfg = Debug|Win32
		{5D718DDA-D40C-4F71-BA5F-01D9EB3CCFD2}.Debug|Win32.Build.0 = Debug|Win32
		{5D718DDA-D40C-4F71-BA5F-01D9EB3CCFD2}.Debug|x64.ActiveCfg = Debug|Win32
		{5D718DDA-D40C-4F71-BA5F-01D9EB3CCFD2}.Debug|x86.ActiveCfg = Debug|Win32
		{5D718DDA-D40C-4F71-BA5F-01D9EB3CCFD2}.NULL|Any CPU.ActiveCfg = Release|Win32
		{5D718DDA-D40C-4F71-BA5F-01D9EB3CCFD2}.NULL|Mixed Platforms.ActiveCfg = Release|Win32
		{5D718DDA-D40C-4F71-BA5F-01D9EB3CCFD2}.NULL|Mixed Platforms.Build.0 = Release|Win32
		{5D718DDA-D40C-4F71-BA5F-01D9EB3CCFD2}.NULL|PS3.ActiveCfg = Release|Win32
		{5D718DDA-D40C-4F71-BA5F-01D9EB3CCFD2}.NULL|Win32.ActiveCfg = Release|Win32
		{5D718DDA-D40C-4F71-BA5F-01D9EB3CCFD2}.NULL|Win32.Build.0 = Release|Win32
		{5D718DDA-D40C-4F71-BA5F-01D9EB3CCFD2}.NULL|x64.ActiveCfg = Release|Win32
		{5D718DDA-D40C-4F71-BA5F-01D9EB3CCFD2}.NULL|x86.ActiveCfg = Release|Win32
		{5D718DDA-D40C-4F71-BA5F-01D9EB3CCFD2}.Profile|Any CPU.ActiveCfg = Release|Win32
		{5D718DDA-D40C-4F71-BA5F-01D9EB3CCFD2}.Profile|Mixed Platforms.ActiveCfg = Release|Win32
		{5D718DDA-D40C-4F71-BA5F-01D9EB3CCFD2}.Profile|Mixed Platforms.Build.0 = Release|Win32
		{5D718DDA-D40C-4F71-BA5F-01D9EB3CCFD2}.Profile|PS3.ActiveCfg = Release|Win32
		{5D718DDA-D40C-4F71-BA5F-01D9EB3CCFD2}.Profile|Win32.ActiveCfg = Release|Win32
		{5D718DDA-D40C-4F71-BA5F-01D9EB3CCFD2}.Profile|Win32.Build.0 = Release|Win32
		{5D718DDA-D40C-4F71-BA5F-01D9EB3CCFD2}.Profile|x64.ActiveCfg = Release|Win32
		{5D718DDA-D40C-4F71-BA5F-01D9EB3CCFD2}.Profile|x86.ActiveCfg = Release|Win32
		{5D718DDA-D40C-4F71-BA5F-01D9EB3CCFD2}.Release_PS3Host|Any CPU.ActiveCfg = Release|Win32
		{5D718DDA-D40C-4F71-BA5F-01D9EB3CCFD2}.Release_PS3Host|Mixed Platforms.ActiveCfg = Release|Win32
		{5D718DDA-D40C-4F71-BA5F-01D9EB3CCFD2}.Release_PS3Host|Mixed Platforms.Build.0 = Release|Win32
		{5D718DDA-D40C-4F71-BA5F-01D9EB3CCFD2}.Release_PS3Host|PS3.ActiveCfg = Release|Win32
		{5D718DDA-D40C-4F71-BA5F-01D9EB3CCFD2}.Release_PS3Host|Win32.ActiveCfg = Release|Win32
		{5D718DDA-D40C-4F71-BA5F-01D9EB3CCFD2}.Release_PS3Host|Win32.Build.0 = Release|Win32
		{5D718DDA-D40C-4F71-BA5F-01D9EB3CCFD2}.Release_PS3Host|x64.ActiveCfg = Release|Win32
		{5D718DDA-D40C-4F71-BA5F-01D9EB3CCFD2}.Release_PS3Host|x86.ActiveCfg = Release|Win32
		{5D718DDA-D40C-4F71-BA5F-01D9EB3CCFD2}.Release|Any CPU.ActiveCfg = Release|Win32
		{5D718DDA-D40C-4F71-BA5F-01D9EB3CCFD2}.Release|Mixed Platforms.ActiveCfg = Release|Win32
		{5D718DDA-D40C-4F71-BA5F-01D9EB3CCFD2}.Release|Mixed Platforms.Build.0 = Release|Win32
		{5D718DDA-D40C-4F71-BA5F-01D9EB3CCFD2}.Release|PS3.ActiveCfg = Release|Win32
		{5D718DDA-D40C-4F71-BA5F-01D9EB3CCFD2}.Release|Win32.ActiveCfg = Release|Win32
		{5D718DDA-D40C-4F71-BA5F-01D9EB3CCFD2}.Release|Win32.Build.0 = Release|Win32
		{5D718DDA-D40C-4F71-BA5F-01D9EB3CCFD2}.Release|x64.ActiveCfg = Release|Win32
		{5D718DDA-D40C-4F71-BA5F-01D9EB3CCFD2}.Release|x86.ActiveCfg = Release|Win32
		{3F22A380-38FF-4124-9557-10A940317FEF}.Debug_PS3Host|Any CPU.ActiveCfg = Debug|Any CPU
		{3F22A380-38FF-4124-9557-10A940317FEF}.Debug_PS3Host|Any CPU.Build.0 = Debug|Any CPU
		{3F22A380-38FF-4124-9557-10A940317FEF}.Debug_PS3Host|Mixed Platforms.ActiveCfg = Debug|Any CPU
		{3F22A380-38FF-4124-9557-10A940317FEF}.Debug_PS3Host|Mixed Platforms.Build.0 = Debug|Any CPU
		{3F22A380-38FF-4124-9557-10A940317FEF}.Debug_PS3Host|PS3.ActiveCfg = Debug|Any CPU
		{3F22A380-38FF-4124-9557-10A940317FEF}.Debug_PS3Host|Win32.ActiveCfg = Debug|Any CPU
		{3F22A380-38FF-4124-9557-10A940317FEF}.Debug_PS3Host|x64.ActiveCfg = Debug|Any CPU
		{3F22A380-38FF-4124-9557-10A940317FEF}.Debug_PS3Host|x86.ActiveCfg = Debug|Any CPU
		{3F22A380-38FF-4124-9557-10A940317FEF}.Debug|Any CPU.ActiveCfg = Debug|Any CPU
		{3F22A380-38FF-4124-9557-10A940317FEF}.Debug|Any CPU.Build.0 = Debug|Any CPU
		{3F22A380-38FF-4124-9557-10A940317FEF}.Debug|Mixed Platforms.ActiveCfg = Debug|Any CPU
		{3F22A380-38FF-4124-9557-10A940317FEF}.Debug|Mixed Platforms.Build.0 = Debug|Any CPU
		{3F22A380-38FF-4124-9557-10A940317FEF}.Debug|PS3.ActiveCfg = Debug|Any CPU
		{3F22A380-38FF-4124-9557-10A940317FEF}.Debug|Win32.ActiveCfg = Debug|Any CPU
		{3F22A380-38FF-4124-9557-10A940317FEF}.Debug|x64.ActiveCfg = Debug|Any CPU
		{3F22A380-38FF-4124-9557-10A940317FEF}.Debug|x86.ActiveCfg = Debug|Any CPU
		{3F22A380-38FF-4124-9557-10A940317FEF}.NULL|Any CPU.ActiveCfg = Release|Any CPU
		{3F22A380-38FF-4124-9557-10A940317FEF}.NULL|Any CPU.Build.0 = Release|Any CPU
		{3F22A380-38FF-4124-9557-10A940317FEF}.NULL|Mixed Platforms.ActiveCfg = Release|Any CPU
		{3F22A380-38FF-4124-9557-10A940317FEF}.NULL|Mixed Platforms.Build.0 = Release|Any CPU
		{3F22A380-38FF-4124-9557-10A940317FEF}.NULL|PS3.ActiveCfg = Release|Any CPU
		{3F22A380-38FF-4124-9557-10A940317FEF}.NULL|Win32.ActiveCfg = Release|Any CPU
		{3F22A380-38FF-4124-9557-10A940317FEF}.NULL|x64.ActiveCfg = Release|Any CPU
		{3F22A380-38FF-4124-9557-10A940317FEF}.NULL|x86.ActiveCfg = Release|Any CPU
		{3F22A380-38FF-4124-9557-10A940317FEF}.Profile|Any CPU.ActiveCfg = Release|Any CPU
		{3F22A380-38FF-4124-9557-10A940317FEF}.Profile|Any CPU.Build.0 = Release|Any CPU
		{3F22A380-38FF-4124-9557-10A940317FEF}.Profile|Mixed Platforms.ActiveCfg = Release|Any CPU
		{3F22A380-38FF-4124-9557-10A940317FEF}.Profile|Mixed Platforms.Build.0 = Release|Any CPU
		{3F22A380-38FF-4124-9557-10A940317FEF}.Profile|PS3.ActiveCfg = Release|Any CPU
		{3F22A380-38FF-4124-9557-10A940317FEF}.Profile|Win32.ActiveCfg = Release|Any CPU
		{3F22A380-38FF-4124-9557-10A940317FEF}.Profile|x64.ActiveCfg = Release|Any CPU
		{3F22A380-38FF-4124-9557-10A940317FEF}.Profile|x86.ActiveCfg = Release|Any CPU
		{3F22A380-38FF-4124-9557-10A940317FEF}.Release_PS3Host|Any CPU.ActiveCfg = Release|Any CPU
		{3F22A380-38FF-4124-9557-10A940317FEF}.Release_PS3Host|Any CPU.Build.0 = Release|Any CPU
		{3F22A380-38FF-4124-9557-10A940317FEF}.Release_PS3Host|Mixed Platforms.ActiveCfg = Release|Any CPU
		{3F22A380-38FF-4124-9557-10A940317FEF}.Release_PS3Host|Mixed Platforms.Build.0 = Release|Any CPU
		{3F22A380-38FF-4124-9557-10A940317FEF}.Release_PS3Host|PS3.ActiveCfg = Release|Any CPU
		{3F22A380-38FF-4124-9557-10A940317FEF}.Release_PS3Host|Win32.ActiveCfg = Release|Any CPU
		{3F22A380-38FF-4124-9557-10A940317FEF}.Release_PS3Host|x64.ActiveCfg = Release|Any CPU
		{3F22A380-38FF-4124-9557-10A940317FEF}.Release_PS3Host|x86.ActiveCfg = Release|Any CPU
		{3F22A380-38FF-4124-9557-10A940317FEF}.Release|Any CPU.ActiveCfg = Release|Any CPU
		{3F22A380-38FF-4124-9557-10A940317FEF}.Release|Any CPU.Build.0 = Release|Any CPU
		{3F22A380-38FF-4124-9557-10A940317FEF}.Release|Mixed Platforms.ActiveCfg = Release|Any CPU
		{3F22A380-38FF-4124-9557-10A940317FEF}.Release|Mixed Platforms.Build.0 = Release|Any CPU
		{3F22A380-38FF-4124-9557-10A940317FEF}.Release|PS3.ActiveCfg = Release|Any CPU
		{3F22A380-38FF-4124-9557-10A940317FEF}.Release|Win32.ActiveCfg = Release|Any CPU
		{3F22A380-38FF-4124-9557-10A940317FEF}.Release|x64.ActiveCfg = Release|Any CPU
		{3F22A380-38FF-4124-9557-10A940317FEF}.Release|x86.ActiveCfg = Release|Any CPU
		{0292ED7E-0B42-4F14-B566-5E20EB146337}.Debug_PS3Host|Any CPU.ActiveCfg = Debug|Win32
		{0292ED7E-0B42-4F14-B566-5E20EB146337}.Debug_PS3Host|Mixed Platforms.ActiveCfg = Debug|Win32
		{0292ED7E-0B42-4F14-B566-5E20EB146337}.Debug_PS3Host|Mixed Platforms.Build.0 = Debug|Win32
		{0292ED7E-0B42-4F14-B566-5E20EB146337}.Debug_PS3Host|PS3.ActiveCfg = Debug|Win32
		{0292ED7E-0B42-4F14-B566-5E20EB146337}.Debug_PS3Host|Win32.ActiveCfg = Debug|Win32
		{0292ED7E-0B42-4F14-B566-5E20EB146337}.Debug_PS3Host|Win32.Build.0 = Debug|Win32
		{0292ED7E-0B42-4F14-B566-5E20EB146337}.Debug_PS3Host|x64.ActiveCfg = Debug|Win32
		{0292ED7E-0B42-4F14-B566-5E20EB146337}.Debug_PS3Host|x86.ActiveCfg = Debug|Win32
		{0292ED7E-0B42-4F14-B566-5E20EB146337}.Debug|Any CPU.ActiveCfg = Debug|Win32
		{0292ED7E-0B42-4F14-B566-5E20EB146337}.Debug|Mixed Platforms.ActiveCfg = Debug|Win32
		{0292ED7E-0B42-4F14-B566-5E20EB146337}.Debug|Mixed Platforms.Build.0 = Debug|Win32
		{0292ED7E-0B42-4F14-B566-5E20EB146337}.Debug|PS3.ActiveCfg = Debug|Win32
		{0292ED7E-0B42-4F14-B566-5E20EB146337}.Debug|Win32.ActiveCfg = Debug|Win32
		{0292ED7E-0B42-4F14-B566-5E20EB146337}.Debug|Win32.Build.0 = Debug|Win32
		{0292ED7E-0B42-4F14-B566-5E20EB146337}.Debug|x64.ActiveCfg = Debug|Win32
		{0292ED7E-0B42-4F14-B566-5E20EB146337}.Debug|x86.ActiveCfg = Debug|Win32
		{0292ED7E-0B42-4F14-B566-5E20EB146337}.NULL|Any CPU.ActiveCfg = Release|Win32
		{0292ED7E-0B42-4F14-B566-5E20EB146337}.NULL|Mixed Platforms.ActiveCfg = Release|Win32
		{0292ED7E-0B42-4F14-B566-5E20EB146337}.NULL|Mixed Platforms.Build.0 = Release|Win32
		{0292ED7E-0B42-4F14-B566-5E20EB146337}.NULL|PS3.ActiveCfg = Release|Win32
		{0292ED7E-0B42-4F14-B566-5E20EB146337}.NULL|Win32.ActiveCfg = Release|Win32
		{0292ED7E-0B42-4F14-B566-5E20EB146337}.NULL|Win32.Build.0 = Release|Win32
		{0292ED7E-0B42-4F14-B566-5E20EB146337}.NULL|x64.ActiveCfg = Release|Win32
		{0292ED7E-0B42-4F14-B566-5E20EB146337}.NULL|x86.ActiveCfg = Release|Win32
		{0292ED7E-0B42-4F14-B566-5E20EB146337}.Profile|Any CPU.ActiveCfg = Release|Win32
		{0292ED7E-0B42-4F14-B566-5E20EB146337}.Profile|Mixed Platforms.ActiveCfg = Release|Win32
		{0292ED7E-0B42-4F14-B566-5E20EB146337}.Profile|Mixed Platforms.Build.0 = Release|Win32
		{0292ED7E-0B42-4F14-B566-5E20EB146337}.Profile|PS3.ActiveCfg = Release|Win32
		{0292ED7E-0B42-4F14-B566-5E20EB146337}.Profile|Win32.ActiveCfg = Release|Win32
		{0292ED7E-0B42-4F14-B566-5E20EB146337}.Profile|Win32.Build.0 = Release|Win32
		{0292ED7E-0B42-4F14-B566-5E20EB146337}.Profile|x64.ActiveCfg = Release|Win32
		{0292ED7E-0B42-4F14-B566-5E20EB146337}.Profile|x86.ActiveCfg = Release|Win32
		{0292ED7E-0B42-4F14-B566-5E20EB146337}.Release_PS3Host|Any CPU.ActiveCfg = Release|Win32
		{0292ED7E-0B42-4F14-B566-5E20EB146337}.Release_PS3Host|Mixed Platforms.ActiveCfg = Release|Win32
		{0292ED7E-0B42-4F14-B566-5E20EB146337}.Release_PS3Host|Mixed Platforms.Build.0 = Release|Win32
		{0292ED7E-0B42-4F14-B566-5E20EB146337}.Release_PS3Host|PS3.ActiveCfg = Release|Win32
		{0292ED7E-0B42-4F14-B566-5E20EB146337}.Release_PS3Host|Win32.ActiveCfg = Release|Win32
		{0292ED7E-0B42-4F14-B566-5E20EB146337}.Release_PS3Host|Win32.Build.0 = Release|Win32
		{0292ED7E-0B42-4F14-B566-5E20EB146337}.Release_PS3Host|x64.ActiveCfg = Release|Win32
		{0292ED7E-0B42-4F14-B566-5E20EB146337}.Release_PS3Host|x86.ActiveCfg = Release|Win32
		{0292ED7E-0B42-4F14-B566-5E20EB146337}.Release|Any CPU.ActiveCfg = Release|Win32
		{0292ED7E-0B42-4F14-B566-5E20EB146337}.Release|Mixed Platforms.ActiveCfg = Release|Win32
		{0292ED7E-0B42-4F14-B566-5E20EB146337}.Release|Mixed Platforms.Build.0 = Release|Win32
		{0292ED7E-0B42-4F14-B566-5E20EB146337}.Release|PS3.ActiveCfg = Release|Win32
		{0292ED7E-0B42-4F14-B566-5E20EB146337}.Release|Win32.ActiveCfg = Release|Win32
		{0292ED7E-0B42-4F14-B566-5E20EB146337}.Release|Win32.Build.0 = Release|Win32
		{0292ED7E-0B42-4F14-B566-5E20EB146337}.Release|x64.ActiveCfg = Release|Win32
		{0292ED7E-0B42-4F14-B566-5E20EB146337}.Release|x86.ActiveCfg = Release|Win32
	EndGlobalSection
	GlobalSection(SolutionProperties) = preSolution
		HideSolutionNode = FALSE
	EndGlobalSection
	GlobalSection(NestedProjects) = preSolution
		{5D718DDA-D40C-4F71-BA5F-01D9EB3CCFD2} = {C8C30B7C-9F59-466E-A1BD-7364BFF3D340}
		{3F22A380-38FF-4124-9557-10A940317FEF} = {C8C30B7C-9F59-466E-A1BD-7364BFF3D340}
		{A694BA22-F7FF-4159-AE95-C53679445C67} = {C8C30B7C-9F59-466E-A1BD-7364BFF3D340}
		{C0533095-859B-4401-AAAE-751368668F78} = {C52FB9B1-082D-4B7B-A100-F867376D09E9}
		{C17389A4-0FD5-445F-BD01-1263F8CA180A} = {C52FB9B1-082D-4B7B-A100-F867376D09E9}
		{3DA849A9-E07F-CB9E-AA1F-F798AD13BB61} = {F45872AE-CE3C-415B-B453-E091B721B3BA}
		{0292ED7E-0B42-4F14-B566-5E20EB146337} = {CCE49432-EA0B-4261-A816-F821518BAB1C}
	EndGlobalSection
EndGlobal
